
Microsoft Visual Studio Solution File, Format Version 12.00
# Visual Studio Version 17
VisualStudioVersion = 17.9.34616.47
MinimumVisualStudioVersion = 10.0.40219.1
Project("{FAE04EC0-301F-11D3-BF4B-00C04F79EFBC}") = "Lab2.2", "Lab2.2\Lab2.2.csproj", "{606CFEC7-807A-4DFE-A58C-1CCACC4ED4C3}"
EndProject
Project("{FAE04EC0-301F-11D3-BF4B-00C04F79EFBC}") = "Tablet", "..\Tablet\Tablet.csproj", "{479B652F-9F2A-4B6F-87DD-2946E634E84A}"
EndProject
Global
	GlobalSection(SolutionConfigurationPlatforms) = preSolution
		Debug|Any CPU = Debug|Any CPU
		Release|Any CPU = Release|Any CPU
	EndGlobalSection
	GlobalSection(ProjectConfigurationPlatforms) = postSolution
		{606CFEC7-807A-4DFE-A58C-1CCACC4ED4C3}.Debug|Any CPU.ActiveCfg = Debug|Any CPU
		{606CFEC7-807A-4DFE-A58C-1CCACC4ED4C3}.Debug|Any CPU.Build.0 = Debug|Any CPU
		{606CFEC7-807A-4DFE-A58C-1CCACC4ED4C3}.Release|Any CPU.ActiveCfg = Release|Any CPU
		{606CFEC7-807A-4DFE-A58C-1CCACC4ED4C3}.Release|Any CPU.Build.0 = Release|Any CPU
		{479B652F-9F2A-4B6F-87DD-2946E634E84A}.Debug|Any CPU.ActiveCfg = Debug|Any CPU
		{479B652F-9F2A-4B6F-87DD-2946E634E84A}.Debug|Any CPU.Build.0 = Debug|Any CPU
		{479B652F-9F2A-4B6F-87DD-2946E634E84A}.Release|Any CPU.ActiveCfg = Release|Any CPU
		{479B652F-9F2A-4B6F-87DD-2946E634E84A}.Release|Any CPU.Build.0 = Release|Any CPU
	EndGlobalSection
	GlobalSection(SolutionProperties) = preSolution
		HideSolutionNode = FALSE
	EndGlobalSection
	GlobalSection(ExtensibilityGlobals) = postSolution
		SolutionGuid = {9F25BE9C-0C6D-4D0E-B9E7-E702A240E334}
	EndGlobalSection
EndGlobal
